
Microsoft Visual Studio Solution File, Format Version 11.00
# Visual Studio 2010
Project("{FAE04EC0-301F-11D3-BF4B-00C04F79EFBC}") = "Darwin 2", "Assembly-CSharp.csproj", "{63F51C72-9895-C4DA-32BC-7B0C7CFD076C}"
EndProject
Project("{FAE04EC0-301F-11D3-BF4B-00C04F79EFBC}") = "Darwin 2", "Assembly-CSharp-firstpass.csproj", "{F40F53AA-7DFB-7AFD-2045-93E2850DBCC4}"
EndProject
Project("{FAE04EC0-301F-11D3-BF4B-00C04F79EFBC}") = "Darwin 2", "Assembly-CSharp-Editor-firstpass.csproj", "{9C646277-8D9C-0F45-AA9F-5CF632E1B9E8}"
EndProject
Global
	GlobalSection(SolutionConfigurationPlatforms) = preSolution
		Debug|Any CPU = Debug|Any CPU
		Release|Any CPU = Release|Any CPU
	EndGlobalSection
	GlobalSection(ProjectConfigurationPlatforms) = postSolution
		{63F51C72-9895-C4DA-32BC-7B0C7CFD076C}.Debug|Any CPU.ActiveCfg = Debug|Any CPU
		{63F51C72-9895-C4DA-32BC-7B0C7CFD076C}.Debug|Any CPU.Build.0 = Debug|Any CPU
		{63F51C72-9895-C4DA-32BC-7B0C7CFD076C}.Release|Any CPU.ActiveCfg = Release|Any CPU
		{63F51C72-9895-C4DA-32BC-7B0C7CFD076C}.Release|Any CPU.Build.0 = Release|Any CPU
		{F40F53AA-7DFB-7AFD-2045-93E2850DBCC4}.Debug|Any CPU.ActiveCfg = Debug|Any CPU
		{F40F53AA-7DFB-7AFD-2045-93E2850DBCC4}.Debug|Any CPU.Build.0 = Debug|Any CPU
		{F40F53AA-7DFB-7AFD-2045-93E2850DBCC4}.Release|Any CPU.ActiveCfg = Release|Any CPU
		{F40F53AA-7DFB-7AFD-2045-93E2850DBCC4}.Release|Any CPU.Build.0 = Release|Any CPU
		{9C646277-8D9C-0F45-AA9F-5CF632E1B9E8}.Debug|Any CPU.ActiveCfg = Debug|Any CPU
		{9C646277-8D9C-0F45-AA9F-5CF632E1B9E8}.Debug|Any CPU.Build.0 = Debug|Any CPU
		{9C646277-8D9C-0F45-AA9F-5CF632E1B9E8}.Release|Any CPU.ActiveCfg = Release|Any CPU
		{9C646277-8D9C-0F45-AA9F-5CF632E1B9E8}.Release|Any CPU.Build.0 = Release|Any CPU
	EndGlobalSection
	GlobalSection(SolutionProperties) = preSolution
		HideSolutionNode = FALSE
	EndGlobalSection
	GlobalSection(MonoDevelopProperties) = preSolution
		StartupItem = Assembly-CSharp.csproj
	EndGlobalSection
EndGlobal
